
Microsoft Visual Studio Solution File, Format Version 12.00
# Visual Studio 15
VisualStudioVersion = 15.0.28010.2036
MinimumVisualStudioVersion = 10.0.40219.1
Project("{FAE04EC0-301F-11D3-BF4B-00C04F79EFBC}") = "VnBookLibrary.Web", "VnBookLibrary.Web\VnBookLibrary.Web.csproj", "{39D38E77-050D-4301-9704-0E1908D34330}"
EndProject
Project("{FAE04EC0-301F-11D3-BF4B-00C04F79EFBC}") = "VnBookLibrary.Model", "VnBookLibrary.Model\VnBookLibrary.Model.csproj", "{5302C877-8E95-4FD8-9991-91053400D399}"
EndProject
Project("{FAE04EC0-301F-11D3-BF4B-00C04F79EFBC}") = "VnBookLibrary.Repository", "VnBookLibrary.Repository\VnBookLibrary.Repository.csproj", "{80B04238-F41A-4818-9587-BD687FB16411}"
EndProject
Global
	GlobalSection(SolutionConfigurationPlatforms) = preSolution
		Debug|Any CPU = Debug|Any CPU
		Release|Any CPU = Release|Any CPU
	EndGlobalSection
	GlobalSection(ProjectConfigurationPlatforms) = postSolution
		{39D38E77-050D-4301-9704-0E1908D34330}.Debug|Any CPU.ActiveCfg = Debug|Any CPU
		{39D38E77-050D-4301-9704-0E1908D34330}.Debug|Any CPU.Build.0 = Debug|Any CPU
		{39D38E77-050D-4301-9704-0E1908D34330}.Release|Any CPU.ActiveCfg = Release|Any CPU
		{39D38E77-050D-4301-9704-0E1908D34330}.Release|Any CPU.Build.0 = Release|Any CPU
		{5302C877-8E95-4FD8-9991-91053400D399}.Debug|Any CPU.ActiveCfg = Debug|Any CPU
		{5302C877-8E95-4FD8-9991-91053400D399}.Debug|Any CPU.Build.0 = Debug|Any CPU
		{5302C877-8E95-4FD8-9991-91053400D399}.Release|Any CPU.ActiveCfg = Release|Any CPU
		{5302C877-8E95-4FD8-9991-91053400D399}.Release|Any CPU.Build.0 = Release|Any CPU
		{80B04238-F41A-4818-9587-BD687FB16411}.Debug|Any CPU.ActiveCfg = Debug|Any CPU
		{80B04238-F41A-4818-9587-BD687FB16411}.Debug|Any CPU.Build.0 = Debug|Any CPU
		{80B04238-F41A-4818-9587-BD687FB16411}.Release|Any CPU.ActiveCfg = Release|Any CPU
		{80B04238-F41A-4818-9587-BD687FB16411}.Release|Any CPU.Build.0 = Release|Any CPU
	EndGlobalSection
	GlobalSection(SolutionProperties) = preSolution
		HideSolutionNode = FALSE
	EndGlobalSection
	GlobalSection(ExtensibilityGlobals) = postSolution
		SolutionGuid = {68B4F5AA-8FFD-4EC9-8F62-73BA3BFDF63A}
	EndGlobalSection
EndGlobal
